{
  "name": "yyjjfiveone",
  "lockfileVersion": 3,
  "requires": true,
  "packages": {
    "": {
      "dependencies": {
        "g3d": "^0.2.9"
      }
    },
    "node_modules/g3d": {
      "version": "0.2.9",
      "resolved": "https://registry.npmmirror.com/g3d/-/g3d-0.2.9.tgz",
      "integrity": "sha512-SpabHJhr6SajjzH0mWNYN+3UHalKSZyr3JhRmUQM/ew4CN2mPWWqLmnEI+KDX54ru59cfYVXmBr2D4Kk7BPXfQ=="
    }
  }
}
